
Microsoft Visual Studio Solution File, Format Version 12.00
# Visual Studio Version 16
VisualStudioVersion = 25.0.1706.14
MinimumVisualStudioVersion = 10.0.40219.1
Project("{FAE04EC0-301F-11D3-BF4B-00C04F79EFBC}") = "VnuaCare.API", "VnuaCare.API\VnuaCare.API.csproj", "{F75B65B6-EBFC-435F-92FE-234C2133D82D}"
EndProject
Project("{FAE04EC0-301F-11D3-BF4B-00C04F79EFBC}") = "VnuaCare.Business", "VnuaCare.Business\VnuaCare.Business.csproj", "{3F5C45F0-C1F1-49EC-B12C-84177B470D25}"
EndProject
Project("{FAE04EC0-301F-11D3-BF4B-00C04F79EFBC}") = "VnuaCare.Data", "VnuaCare.Data\VnuaCare.Data.csproj", "{D3ED35D2-81F7-4809-8B62-1DD9BE95A2A4}"
EndProject
Project("{FAE04EC0-301F-11D3-BF4B-00C04F79EFBC}") = "VnuaCare.Infrastructure", "VnuaCare.Infrastructure\VnuaCare.Infrastructure.csproj", "{A5ECCD7E-6F63-41B0-88D7-C909F7B97030}"
EndProject
Project("{FAE04EC0-301F-11D3-BF4B-00C04F79EFBC}") = "VnuaCare.Shared", "VnuaCare.Shared\VnuaCare.Shared.csproj", "{407CCA7C-7E59-4F95-8F4F-FC353235F0D3}"
EndProject
Global
	GlobalSection(SolutionConfigurationPlatforms) = preSolution
		Debug|Any CPU = Debug|Any CPU
		Release|Any CPU = Release|Any CPU
	EndGlobalSection
	GlobalSection(ProjectConfigurationPlatforms) = postSolution
		{F75B65B6-EBFC-435F-92FE-234C2133D82D}.Debug|Any CPU.ActiveCfg = Debug|Any CPU
		{F75B65B6-EBFC-435F-92FE-234C2133D82D}.Debug|Any CPU.Build.0 = Debug|Any CPU
		{F75B65B6-EBFC-435F-92FE-234C2133D82D}.Release|Any CPU.ActiveCfg = Release|Any CPU
		{F75B65B6-EBFC-435F-92FE-234C2133D82D}.Release|Any CPU.Build.0 = Release|Any CPU
		{3F5C45F0-C1F1-49EC-B12C-84177B470D25}.Debug|Any CPU.ActiveCfg = Debug|Any CPU
		{3F5C45F0-C1F1-49EC-B12C-84177B470D25}.Debug|Any CPU.Build.0 = Debug|Any CPU
		{3F5C45F0-C1F1-49EC-B12C-84177B470D25}.Release|Any CPU.ActiveCfg = Release|Any CPU
		{3F5C45F0-C1F1-49EC-B12C-84177B470D25}.Release|Any CPU.Build.0 = Release|Any CPU
		{D3ED35D2-81F7-4809-8B62-1DD9BE95A2A4}.Debug|Any CPU.ActiveCfg = Debug|Any CPU
		{D3ED35D2-81F7-4809-8B62-1DD9BE95A2A4}.Debug|Any CPU.Build.0 = Debug|Any CPU
		{D3ED35D2-81F7-4809-8B62-1DD9BE95A2A4}.Release|Any CPU.ActiveCfg = Release|Any CPU
		{D3ED35D2-81F7-4809-8B62-1DD9BE95A2A4}.Release|Any CPU.Build.0 = Release|Any CPU
		{A5ECCD7E-6F63-41B0-88D7-C909F7B97030}.Debug|Any CPU.ActiveCfg = Debug|Any CPU
		{A5ECCD7E-6F63-41B0-88D7-C909F7B97030}.Debug|Any CPU.Build.0 = Debug|Any CPU
		{A5ECCD7E-6F63-41B0-88D7-C909F7B97030}.Release|Any CPU.ActiveCfg = Release|Any CPU
		{A5ECCD7E-6F63-41B0-88D7-C909F7B97030}.Release|Any CPU.Build.0 = Release|Any CPU
		{407CCA7C-7E59-4F95-8F4F-FC353235F0D3}.Debug|Any CPU.ActiveCfg = Debug|Any CPU
		{407CCA7C-7E59-4F95-8F4F-FC353235F0D3}.Debug|Any CPU.Build.0 = Debug|Any CPU
		{407CCA7C-7E59-4F95-8F4F-FC353235F0D3}.Release|Any CPU.ActiveCfg = Release|Any CPU
		{407CCA7C-7E59-4F95-8F4F-FC353235F0D3}.Release|Any CPU.Build.0 = Release|Any CPU
	EndGlobalSection
	GlobalSection(SolutionProperties) = preSolution
		HideSolutionNode = FALSE
	EndGlobalSection
	GlobalSection(ExtensibilityGlobals) = postSolution
		SolutionGuid = {5A0490B7-40EF-4D0B-8F00-5E8C61228495}
	EndGlobalSection
EndGlobal
