
Microsoft Visual Studio Solution File, Format Version 12.00
# Visual Studio Version 16
VisualStudioVersion = 25.0.1706.14
MinimumVisualStudioVersion = 10.0.40219.1
Project("{FAE04EC0-301F-11D3-BF4B-00C04F79EFBC}") = "VnuaCare.API", "VnuaCare.API\VnuaCare.API.csproj", "{F75B65B6-EBFC-435F-92FE-234C2133D82D}"
EndProject
Project("{FAE04EC0-301F-11D3-BF4B-00C04F79EFBC}") = "VnuaCare.Business", "VnuaCare.Business\VnuaCare.Business.csproj", "{4EBC5648-C899-45A7-9C70-BC149EFB98CB}"
EndProject
Project("{FAE04EC0-301F-11D3-BF4B-00C04F79EFBC}") = "VnuaCare.Data", "VnuaCare.Data\VnuaCare.Data.csproj", "{74044C5C-94B5-4F51-861C-0F4679225A9D}"
EndProject
Project("{FAE04EC0-301F-11D3-BF4B-00C04F79EFBC}") = "VnuaCare.Shared", "VnuaCare.Shared\VnuaCare.Shared.csproj", "{7BCE1A0D-6B28-4AEF-A8B9-5185665DE5C6}"
EndProject
Project("{FAE04EC0-301F-11D3-BF4B-00C04F79EFBC}") = "VnuaCare.Infrastructure", "VnuaCare.Infrastructure\VnuaCare.Infrastructure.csproj", "{C096A1DC-A483-4ED8-8296-EF39898F11A0}"
EndProject
Global
	GlobalSection(SolutionConfigurationPlatforms) = preSolution
		Debug|Any CPU = Debug|Any CPU
		Release|Any CPU = Release|Any CPU
	EndGlobalSection
	GlobalSection(ProjectConfigurationPlatforms) = postSolution
		{F75B65B6-EBFC-435F-92FE-234C2133D82D}.Debug|Any CPU.ActiveCfg = Debug|Any CPU
		{F75B65B6-EBFC-435F-92FE-234C2133D82D}.Debug|Any CPU.Build.0 = Debug|Any CPU
		{F75B65B6-EBFC-435F-92FE-234C2133D82D}.Release|Any CPU.ActiveCfg = Release|Any CPU
		{F75B65B6-EBFC-435F-92FE-234C2133D82D}.Release|Any CPU.Build.0 = Release|Any CPU
		{4EBC5648-C899-45A7-9C70-BC149EFB98CB}.Debug|Any CPU.ActiveCfg = Debug|Any CPU
		{4EBC5648-C899-45A7-9C70-BC149EFB98CB}.Debug|Any CPU.Build.0 = Debug|Any CPU
		{4EBC5648-C899-45A7-9C70-BC149EFB98CB}.Release|Any CPU.ActiveCfg = Release|Any CPU
		{4EBC5648-C899-45A7-9C70-BC149EFB98CB}.Release|Any CPU.Build.0 = Release|Any CPU
		{74044C5C-94B5-4F51-861C-0F4679225A9D}.Debug|Any CPU.ActiveCfg = Debug|Any CPU
		{74044C5C-94B5-4F51-861C-0F4679225A9D}.Debug|Any CPU.Build.0 = Debug|Any CPU
		{74044C5C-94B5-4F51-861C-0F4679225A9D}.Release|Any CPU.ActiveCfg = Release|Any CPU
		{74044C5C-94B5-4F51-861C-0F4679225A9D}.Release|Any CPU.Build.0 = Release|Any CPU
		{7BCE1A0D-6B28-4AEF-A8B9-5185665DE5C6}.Debug|Any CPU.ActiveCfg = Debug|Any CPU
		{7BCE1A0D-6B28-4AEF-A8B9-5185665DE5C6}.Debug|Any CPU.Build.0 = Debug|Any CPU
		{7BCE1A0D-6B28-4AEF-A8B9-5185665DE5C6}.Release|Any CPU.ActiveCfg = Release|Any CPU
		{7BCE1A0D-6B28-4AEF-A8B9-5185665DE5C6}.Release|Any CPU.Build.0 = Release|Any CPU
		{C096A1DC-A483-4ED8-8296-EF39898F11A0}.Debug|Any CPU.ActiveCfg = Debug|Any CPU
		{C096A1DC-A483-4ED8-8296-EF39898F11A0}.Debug|Any CPU.Build.0 = Debug|Any CPU
		{C096A1DC-A483-4ED8-8296-EF39898F11A0}.Release|Any CPU.ActiveCfg = Release|Any CPU
		{C096A1DC-A483-4ED8-8296-EF39898F11A0}.Release|Any CPU.Build.0 = Release|Any CPU
	EndGlobalSection
	GlobalSection(SolutionProperties) = preSolution
		HideSolutionNode = FALSE
	EndGlobalSection
	GlobalSection(ExtensibilityGlobals) = postSolution
		SolutionGuid = {5A0490B7-40EF-4D0B-8F00-5E8C61228495}
	EndGlobalSection
EndGlobal
